
Microsoft Visual Studio Solution File, Format Version 12.00
# Visual Studio 15
Project("{FAE04EC0-301F-11D3-BF4B-00C04F79EFBC}") = "TS-DotNetCore2-2-Sample", "TS-DotNetCore2-2-Sample\TS-DotNetCore2-2-Sample.csproj", "{4F55EE97-9FC0-41CD-A40E-D70B5C2F112A}"
EndProject
Global
	GlobalSection(SolutionConfigurationPlatforms) = preSolution
		Debug|Any CPU = Debug|Any CPU
		Release|Any CPU = Release|Any CPU
	EndGlobalSection
	GlobalSection(ProjectConfigurationPlatforms) = postSolution
		{4F55EE97-9FC0-41CD-A40E-D70B5C2F112A}.Debug|Any CPU.ActiveCfg = Debug|Any CPU
		{4F55EE97-9FC0-41CD-A40E-D70B5C2F112A}.Debug|Any CPU.Build.0 = Debug|Any CPU
		{4F55EE97-9FC0-41CD-A40E-D70B5C2F112A}.Release|Any CPU.ActiveCfg = Release|Any CPU
		{4F55EE97-9FC0-41CD-A40E-D70B5C2F112A}.Release|Any CPU.Build.0 = Release|Any CPU
	EndGlobalSection
EndGlobal
