
Microsoft Visual Studio Solution File, Format Version 12.00
# Visual Studio 15
VisualStudioVersion = 15.0.28307.168
MinimumVisualStudioVersion = 10.0.40219.1
Project("{9A19103F-16F7-4668-BE54-9A1E7A4F7556}") = "TS-NetCore-Scanner.Engine", "TS-NetCore-Scanner.Engine\TS-NetCore-Scanner.Engine.csproj", "{9188DE96-E1C2-4FB8-A376-8A1FCF3F9B77}"
EndProject
Project("{9A19103F-16F7-4668-BE54-9A1E7A4F7556}") = "TS-NetCore-Scanner.ConsoleApp", "TS-NetCore-Scanner.ConsoleApp\TS-NetCore-Scanner.ConsoleApp.csproj", "{D4B5BC68-D1B4-4971-89BE-5F071BF3601E}"
EndProject
Project("{FAE04EC0-301F-11D3-BF4B-00C04F79EFBC}") = "TrustSource", "TrustSource\TrustSource.csproj", "{B4BF851C-7A65-4160-935B-1DCF26F9016B}"
EndProject
Project("{9A19103F-16F7-4668-BE54-9A1E7A4F7556}") = "TS-Net-Scanner.Common", "TS-NET-Scanner.Common\TS-Net-Scanner.Common.csproj", "{8CFF1932-55AD-492B-8EF3-6C4A7AA41484}"
EndProject
Project("{FAE04EC0-301F-11D3-BF4B-00C04F79EFBC}") = "TS-NetFramework-Scanner.Engine", "TS-NetFramework-Scanner.Engine\TS-NetFramework-Scanner.Engine.csproj", "{0365666B-ACB5-43B1-B1C2-B8A29DF5E650}"
EndProject
Global
	GlobalSection(SolutionConfigurationPlatforms) = preSolution
		Debug|Any CPU = Debug|Any CPU
		Release|Any CPU = Release|Any CPU
	EndGlobalSection
	GlobalSection(ProjectConfigurationPlatforms) = postSolution
		{9188DE96-E1C2-4FB8-A376-8A1FCF3F9B77}.Debug|Any CPU.ActiveCfg = Debug|Any CPU
		{9188DE96-E1C2-4FB8-A376-8A1FCF3F9B77}.Debug|Any CPU.Build.0 = Debug|Any CPU
		{9188DE96-E1C2-4FB8-A376-8A1FCF3F9B77}.Release|Any CPU.ActiveCfg = Release|Any CPU
		{9188DE96-E1C2-4FB8-A376-8A1FCF3F9B77}.Release|Any CPU.Build.0 = Release|Any CPU
		{D4B5BC68-D1B4-4971-89BE-5F071BF3601E}.Debug|Any CPU.ActiveCfg = Debug|Any CPU
		{D4B5BC68-D1B4-4971-89BE-5F071BF3601E}.Debug|Any CPU.Build.0 = Debug|Any CPU
		{D4B5BC68-D1B4-4971-89BE-5F071BF3601E}.Release|Any CPU.ActiveCfg = Release|Any CPU
		{D4B5BC68-D1B4-4971-89BE-5F071BF3601E}.Release|Any CPU.Build.0 = Release|Any CPU
		{B4BF851C-7A65-4160-935B-1DCF26F9016B}.Debug|Any CPU.ActiveCfg = Debug|Any CPU
		{B4BF851C-7A65-4160-935B-1DCF26F9016B}.Debug|Any CPU.Build.0 = Debug|Any CPU
		{B4BF851C-7A65-4160-935B-1DCF26F9016B}.Release|Any CPU.ActiveCfg = Release|Any CPU
		{B4BF851C-7A65-4160-935B-1DCF26F9016B}.Release|Any CPU.Build.0 = Release|Any CPU
		{8CFF1932-55AD-492B-8EF3-6C4A7AA41484}.Debug|Any CPU.ActiveCfg = Debug|Any CPU
		{8CFF1932-55AD-492B-8EF3-6C4A7AA41484}.Debug|Any CPU.Build.0 = Debug|Any CPU
		{8CFF1932-55AD-492B-8EF3-6C4A7AA41484}.Release|Any CPU.ActiveCfg = Release|Any CPU
		{8CFF1932-55AD-492B-8EF3-6C4A7AA41484}.Release|Any CPU.Build.0 = Release|Any CPU
		{0365666B-ACB5-43B1-B1C2-B8A29DF5E650}.Debug|Any CPU.ActiveCfg = Debug|Any CPU
		{0365666B-ACB5-43B1-B1C2-B8A29DF5E650}.Debug|Any CPU.Build.0 = Debug|Any CPU
		{0365666B-ACB5-43B1-B1C2-B8A29DF5E650}.Release|Any CPU.ActiveCfg = Release|Any CPU
		{0365666B-ACB5-43B1-B1C2-B8A29DF5E650}.Release|Any CPU.Build.0 = Release|Any CPU
	EndGlobalSection
	GlobalSection(SolutionProperties) = preSolution
		HideSolutionNode = FALSE
	EndGlobalSection
	GlobalSection(ExtensibilityGlobals) = postSolution
		SolutionGuid = {048653EF-668A-4D8B-B4F4-AB2C0FBE4089}
	EndGlobalSection
EndGlobal
